{
  "nodes": {
    "nixpkgs": {
      "locked": {
        "lastModified": 1770843696,
        "narHash": "sha256-LovWTGDwXhkfCOmbgLVA10bvsi/P8eDDpRudgk68HA8=",
        "owner": "NixOS",
        "repo": "nixpkgs",
        "rev": "2343bbb58f99267223bc2aac4fc9ea301a155a16",
        "type": "github"
      },
      "original": {
        "owner": "NixOS",
        "ref": "nixpkgs-unstable",
        "repo": "nixpkgs",
        "type": "github"
      }
    },
    "root": {
      "inputs": {
        "nixpkgs": "nixpkgs",
        "zerobrew-src": "zerobrew-src"
      }
    },
    "zerobrew-src": {
      "flake": false,
      "locked": {
        "lastModified": 1771030642,
        "narHash": "sha256-zyv5JckGgKfuARaJPjd98URJb1zi/kpEwBd0OTrMm0I=",
        "owner": "lucasgelfond",
        "repo": "zerobrew",
        "rev": "dafd730ddf076a57d79057b4a3b8de40e61ccf5e",
        "type": "github"
      },
      "original": {
        "owner": "lucasgelfond",
        "repo": "zerobrew",
        "type": "github"
      }
    }
  },
  "root": "root",
  "version": 7
}
