{
  "nodes": {
    "nixpkgs": {
      "locked": {
        "lastModified": 1770843696,
        "narHash": "sha256-LovWTGDwXhkfCOmbgLVA10bvsi/P8eDDpRudgk68HA8=",
        "owner": "NixOS",
        "repo": "nixpkgs",
        "rev": "2343bbb58f99267223bc2aac4fc9ea301a155a16",
        "type": "github"
      },
      "original": {
        "owner": "NixOS",
        "ref": "nixpkgs-unstable",
        "repo": "nixpkgs",
        "type": "github"
      }
    },
    "root": {
      "inputs": {
        "nixpkgs": "nixpkgs",
        "zerobrew-src": "zerobrew-src"
      }
    },
    "zerobrew-src": {
      "flake": false,
      "locked": {
        "lastModified": 1770953052,
        "narHash": "sha256-IdpYNTdFeoSats9Z7mCHx5XoMkUgDLtQEqkB4+d4eZI=",
        "owner": "lucasgelfond",
        "repo": "zerobrew",
        "rev": "a1a24ae9094e9fbd4d9dedb7fbdb8443325f1a5c",
        "type": "github"
      },
      "original": {
        "owner": "lucasgelfond",
        "repo": "zerobrew",
        "type": "github"
      }
    }
  },
  "root": "root",
  "version": 7
}
